
Microsoft Visual Studio Solution File, Format Version 12.00
# Visual Studio Version 17
VisualStudioVersion = 17.10.34928.147
MinimumVisualStudioVersion = 10.0.40219.1
Project("{FAE04EC0-301F-11D3-BF4B-00C04F79EFBC}") = "SourceGenBug", "SourceGenBug\SourceGenBug.csproj", "{3B0093B0-9CC0-419D-9D28-85DEA8199F6C}"
EndProject
Project("{FAE04EC0-301F-11D3-BF4B-00C04F79EFBC}") = "Generator", "Generator\Generator.csproj", "{80F83925-497C-4939-A2B7-873F270F908D}"
EndProject
Global
	GlobalSection(SolutionConfigurationPlatforms) = preSolution
		Debug|Any CPU = Debug|Any CPU
		Release|Any CPU = Release|Any CPU
	EndGlobalSection
	GlobalSection(ProjectConfigurationPlatforms) = postSolution
		{3B0093B0-9CC0-419D-9D28-85DEA8199F6C}.Debug|Any CPU.ActiveCfg = Debug|Any CPU
		{3B0093B0-9CC0-419D-9D28-85DEA8199F6C}.Debug|Any CPU.Build.0 = Debug|Any CPU
		{3B0093B0-9CC0-419D-9D28-85DEA8199F6C}.Release|Any CPU.ActiveCfg = Release|Any CPU
		{3B0093B0-9CC0-419D-9D28-85DEA8199F6C}.Release|Any CPU.Build.0 = Release|Any CPU
		{80F83925-497C-4939-A2B7-873F270F908D}.Debug|Any CPU.ActiveCfg = Debug|Any CPU
		{80F83925-497C-4939-A2B7-873F270F908D}.Debug|Any CPU.Build.0 = Debug|Any CPU
		{80F83925-497C-4939-A2B7-873F270F908D}.Release|Any CPU.ActiveCfg = Release|Any CPU
		{80F83925-497C-4939-A2B7-873F270F908D}.Release|Any CPU.Build.0 = Release|Any CPU
	EndGlobalSection
	GlobalSection(SolutionProperties) = preSolution
		HideSolutionNode = FALSE
	EndGlobalSection
	GlobalSection(ExtensibilityGlobals) = postSolution
		SolutionGuid = {F46EF06A-A7B0-4401-BC4E-4499E1B56CF8}
	EndGlobalSection
EndGlobal
